
Microsoft Visual Studio Solution File, Format Version 12.00
# Visual Studio Version 17
VisualStudioVersion = 17.8.34309.116
MinimumVisualStudioVersion = 10.0.40219.1
Project("{FAE04EC0-301F-11D3-BF4B-00C04F79EFBC}") = "Ray", "Ray\Ray.csproj", "{7A1025FB-38DE-422C-B62C-101E2B0E38E1}"
EndProject
Global
	GlobalSection(SolutionConfigurationPlatforms) = preSolution
		Debug|Any CPU = Debug|Any CPU
		Release|Any CPU = Release|Any CPU
	EndGlobalSection
	GlobalSection(ProjectConfigurationPlatforms) = postSolution
		{7A1025FB-38DE-422C-B62C-101E2B0E38E1}.Debug|Any CPU.ActiveCfg = Debug|Any CPU
		{7A1025FB-38DE-422C-B62C-101E2B0E38E1}.Debug|Any CPU.Build.0 = Debug|Any CPU
		{7A1025FB-38DE-422C-B62C-101E2B0E38E1}.Release|Any CPU.ActiveCfg = Release|Any CPU
		{7A1025FB-38DE-422C-B62C-101E2B0E38E1}.Release|Any CPU.Build.0 = Release|Any CPU
	EndGlobalSection
	GlobalSection(SolutionProperties) = preSolution
		HideSolutionNode = FALSE
	EndGlobalSection
	GlobalSection(ExtensibilityGlobals) = postSolution
		SolutionGuid = {7AAEC294-050B-44DC-90AC-BDE98AB24CC9}
	EndGlobalSection
EndGlobal
